{
  "nodes": {
    "adblockEasyList": {
      "flake": false,
      "locked": {
        "lastModified": 1712075479,
        "narHash": "sha256-61sKLj6M5PFWlBx1Q6dFk1BtoDWuz6KEI3LMcKQpxYs=",
        "owner": "thedoggybrad",
        "repo": "easylist-mirror",
        "rev": "e952a5a18e1009b24f894118339d3136fab1e9f0",
        "type": "github"
      },
      "original": {
        "owner": "thedoggybrad",
        "repo": "easylist-mirror",
        "type": "github"
      }
    },
    "adblockHosts": {
      "flake": false,
      "locked": {
        "lastModified": 1711673465,
        "narHash": "sha256-VnMRgby5ONbUxP3xit4x8bFEMRAqoGRY8l+tqJZXSL4=",
        "owner": "StevenBlack",
        "repo": "hosts",
        "rev": "f6d230e9a8fa05fb3f46107dac419eedcdd0fadd",
        "type": "github"
      },
      "original": {
        "owner": "StevenBlack",
        "repo": "hosts",
        "type": "github"
      }
    },
    "avatarSomasis": {
      "flake": false,
      "locked": {
        "narHash": "sha256-wQESKAcEpSlEyYqbH9pvd3BKfXJqSKlHB5GpcjTayWI=",
        "type": "file",
        "url": "https://www.gravatar.com/avatar/a187e38560bb56f5231cd19e45ad80f6?s=512"
      },
      "original": {
        "type": "file",
        "url": "https://www.gravatar.com/avatar/a187e38560bb56f5231cd19e45ad80f6?s=512"
      }
    },
    "control-panel-for-twitter": {
      "flake": false,
      "locked": {
        "lastModified": 1712047080,
        "narHash": "sha256-ArK3+ORVQybxqcyK4zAXjUj14QMzuq9DiLnR6lwBrpg=",
        "owner": "insin",
        "repo": "control-panel-for-twitter",
        "rev": "696626fb64c9d658fdccf5a0c71e3950bc40d110",
        "type": "github"
      },
      "original": {
        "owner": "insin",
        "repo": "control-panel-for-twitter",
        "type": "github"
      }
    },
    "discordThemeCustom": {
      "flake": false,
      "locked": {
        "lastModified": 1698295328,
        "narHash": "sha256-pXF8qUkLjo+MZfmof+EhocjTlq8M75Y+S6BFVQHgGig=",
        "path": "/home/somasis/src/discord-theme-custom",
        "type": "path"
      },
      "original": {
        "path": "/home/somasis/src/discord-theme-custom",
        "type": "path"
      }
    },
    "discordThemeIrc": {
      "flake": false,
      "locked": {
        "lastModified": 1667835392,
        "narHash": "sha256-x0OjnntzC71UydZHG4jcNItM/1py/t+PkIiVcx9L8Vw=",
        "owner": "somasis",
        "repo": "discord-theme-irc",
        "rev": "e3405891337de2abc72a21e2be0003f03509a923",
        "type": "github"
      },
      "original": {
        "owner": "somasis",
        "repo": "discord-theme-irc",
        "type": "github"
      }
    },
    "dmenu-flexipatch": {
      "flake": false,
      "locked": {
        "lastModified": 1710918369,
        "narHash": "sha256-bDaxefEqRbXmyHQem9PSPzvXOoELpxMfvn1phiSMGGc=",
        "owner": "bakkeby",
        "repo": "dmenu-flexipatch",
        "rev": "a686ac9b7277ae0d5cada675f5366d4f2baaa870",
        "type": "github"
      },
      "original": {
        "owner": "bakkeby",
        "repo": "dmenu-flexipatch",
        "type": "github"
      }
    },
    "flake-compat": {
      "flake": false,
      "locked": {
        "lastModified": 1696426674,
        "narHash": "sha256-kvjfFW7WAETZlt09AgDn1MrtKzP7t90Vf7vypd3OL1U=",
        "owner": "edolstra",
        "repo": "flake-compat",
        "rev": "0f9255e01c2351cc7d116c072cb317785dd33b33",
        "type": "github"
      },
      "original": {
        "owner": "edolstra",
        "repo": "flake-compat",
        "type": "github"
      }
    },
    "home-manager": {
      "inputs": {
        "nixpkgs": [
          "nixpkgs"
        ]
      },
      "locked": {
        "lastModified": 1712016346,
        "narHash": "sha256-O2nO7pD+krq+4HgkLB4VThRtAucIPfXDs/jJqCGlK1w=",
        "owner": "nix-community",
        "repo": "home-manager",
        "rev": "4be0464472675212654dedf3e021bd5f1d58b92f",
        "type": "github"
      },
      "original": {
        "owner": "nix-community",
        "repo": "home-manager",
        "type": "github"
      }
    },
    "impermanence": {
      "locked": {
        "lastModified": 1708968331,
        "narHash": "sha256-VUXLaPusCBvwM3zhGbRIJVeYluh2uWuqtj4WirQ1L9Y=",
        "owner": "nix-community",
        "repo": "impermanence",
        "rev": "a33ef102a02ce77d3e39c25197664b7a636f9c30",
        "type": "github"
      },
      "original": {
        "owner": "nix-community",
        "repo": "impermanence",
        "type": "github"
      }
    },
    "lemonbar": {
      "flake": false,
      "locked": {
        "lastModified": 1599684897,
        "narHash": "sha256-BNYBbUouqqsRQaPkpg+UKg62IV9uI34gKJuiAM94CBU=",
        "owner": "drscream",
        "repo": "lemonbar-xft",
        "rev": "481e12363e2a0fe0ddd2176a8e003392be90ed02",
        "type": "github"
      },
      "original": {
        "owner": "drscream",
        "ref": "xft-port",
        "repo": "lemonbar-xft",
        "type": "github"
      }
    },
    "loujine-musicbrainz": {
      "flake": false,
      "locked": {
        "lastModified": 1680045348,
        "narHash": "sha256-00ryJvQGwMajf2sQ2FfHwpRUkyYid5xqGMEO+GQ3QoM=",
        "owner": "loujine",
        "repo": "musicbrainz-scripts",
        "rev": "ab70378a0344bc222c17eed6ddad0734598a8f9d",
        "type": "github"
      },
      "original": {
        "owner": "loujine",
        "repo": "musicbrainz-scripts",
        "type": "github"
      }
    },
    "mblaze": {
      "flake": false,
      "locked": {
        "lastModified": 1710086707,
        "narHash": "sha256-z8ATONDM0zLGkhrv3x2idqYIADbhYQMa+bw30z5bllA=",
        "owner": "leahneukirchen",
        "repo": "mblaze",
        "rev": "cf5493bb193fa96c84aa0cb8c6689939bdc25656",
        "type": "github"
      },
      "original": {
        "owner": "leahneukirchen",
        "repo": "mblaze",
        "type": "github"
      }
    },
    "murdos-musicbrainz": {
      "flake": false,
      "locked": {
        "lastModified": 1711668162,
        "narHash": "sha256-Sh4yxWHOxFc2EFbO1TY4/ZBu1o2bSRF7qsPhQtLfWVI=",
        "owner": "murdos",
        "repo": "musicbrainz-userscripts",
        "rev": "fac211eb5c6a14db2e9cabb8830bc96d400bc918",
        "type": "github"
      },
      "original": {
        "owner": "murdos",
        "repo": "musicbrainz-userscripts",
        "type": "github"
      }
    },
    "nix-index-database": {
      "inputs": {
        "nixpkgs": [
          "nixpkgs"
        ]
      },
      "locked": {
        "lastModified": 1711854532,
        "narHash": "sha256-JPStavwlT7TfxxiXHk6Q7sbNxtnXAIjXQJMLO0KB6M0=",
        "owner": "Mic92",
        "repo": "nix-index-database",
        "rev": "2844b5f3ad3b478468151bd101370b9d8ef8a3a7",
        "type": "github"
      },
      "original": {
        "owner": "Mic92",
        "repo": "nix-index-database",
        "type": "github"
      }
    },
    "nixos-hardware": {
      "locked": {
        "lastModified": 1711352745,
        "narHash": "sha256-luvqik+i3HTvCbXQZgB6uggvEcxI9uae0nmrgtXJ17U=",
        "owner": "nixos",
        "repo": "nixos-hardware",
        "rev": "9a763a7acc4cfbb8603bb0231fec3eda864f81c0",
        "type": "github"
      },
      "original": {
        "owner": "nixos",
        "repo": "nixos-hardware",
        "type": "github"
      }
    },
    "nixpkgs": {
      "locked": {
        "lastModified": 1711703276,
        "narHash": "sha256-iMUFArF0WCatKK6RzfUJknjem0H9m4KgorO/p3Dopkk=",
        "owner": "nixos",
        "repo": "nixpkgs",
        "rev": "d8fe5e6c92d0d190646fb9f1056741a229980089",
        "type": "github"
      },
      "original": {
        "owner": "nixos",
        "ref": "nixos-unstable",
        "repo": "nixpkgs",
        "type": "github"
      }
    },
    "nixpkgsStable": {
      "locked": {
        "lastModified": 1711668574,
        "narHash": "sha256-u1dfs0ASQIEr1icTVrsKwg2xToIpn7ZXxW3RHfHxshg=",
        "owner": "nixos",
        "repo": "nixpkgs",
        "rev": "219951b495fc2eac67b1456824cc1ec1fd2ee659",
        "type": "github"
      },
      "original": {
        "owner": "nixos",
        "ref": "nixos-23.11",
        "repo": "nixpkgs",
        "type": "github"
      }
    },
    "qutebrowser-zotero": {
      "flake": false,
      "locked": {
        "lastModified": 1560613400,
        "narHash": "sha256-Jv5qrpWSMrfGr6gV8PxELCOfZ0PyGBPO+nBt2czYuu4=",
        "owner": "parchd-1",
        "repo": "qutebrowser-zotero",
        "rev": "54706b43433c3ea8da6b7b410d67528da9779657",
        "type": "github"
      },
      "original": {
        "owner": "parchd-1",
        "repo": "qutebrowser-zotero",
        "type": "github"
      }
    },
    "root": {
      "inputs": {
        "adblockEasyList": "adblockEasyList",
        "adblockHosts": "adblockHosts",
        "avatarSomasis": "avatarSomasis",
        "control-panel-for-twitter": "control-panel-for-twitter",
        "discordThemeCustom": "discordThemeCustom",
        "discordThemeIrc": "discordThemeIrc",
        "dmenu-flexipatch": "dmenu-flexipatch",
        "flake-compat": "flake-compat",
        "home-manager": "home-manager",
        "impermanence": "impermanence",
        "lemonbar": "lemonbar",
        "loujine-musicbrainz": "loujine-musicbrainz",
        "mblaze": "mblaze",
        "murdos-musicbrainz": "murdos-musicbrainz",
        "nix-index-database": "nix-index-database",
        "nixos-hardware": "nixos-hardware",
        "nixpkgs": "nixpkgs",
        "nixpkgsStable": "nixpkgsStable",
        "qutebrowser-zotero": "qutebrowser-zotero",
        "sbase": "sbase",
        "uAssets": "uAssets",
        "ubase": "ubase",
        "zotero-styles": "zotero-styles",
        "zotero-translators": "zotero-translators"
      }
    },
    "sbase": {
      "flake": false,
      "locked": {
        "lastModified": 1711078765,
        "narHash": "sha256-X/uqcw0fMDt8AhhFra07eM70hk8Us7/SA5IbocQHZ5k=",
        "ref": "refs/heads/master",
        "rev": "b30fb56804bfed69b45ef0e944d2e029e4d26258",
        "revCount": 2005,
        "type": "git",
        "url": "git://git.suckless.org/sbase"
      },
      "original": {
        "type": "git",
        "url": "git://git.suckless.org/sbase"
      }
    },
    "uAssets": {
      "flake": false,
      "locked": {
        "lastModified": 1712071294,
        "narHash": "sha256-0Xkx1h4yE8ilQOOHFEhSq0pnfxfsIaFvM2ErAucarBs=",
        "owner": "uBlockOrigin",
        "repo": "uAssetsCDN",
        "rev": "8d3d1b47227a0ca016058cd620c65e10f43c6618",
        "type": "github"
      },
      "original": {
        "owner": "uBlockOrigin",
        "repo": "uAssetsCDN",
        "type": "github"
      }
    },
    "ubase": {
      "flake": false,
      "locked": {
        "lastModified": 1591329989,
        "narHash": "sha256-wgoseKkQCtj0+99HpwK162kYUGZl/mTExc33A8hculo=",
        "owner": "michaelforney",
        "repo": "ubase",
        "rev": "f152e7fc3bd1675060818ac224f96541a2d9d6e7",
        "type": "github"
      },
      "original": {
        "owner": "michaelforney",
        "repo": "ubase",
        "type": "github"
      }
    },
    "zotero-styles": {
      "flake": false,
      "locked": {
        "lastModified": 1711560575,
        "narHash": "sha256-q8KFUgnPxKVopItm/QWrvjw5XUYWouLnSvaWAqyCQY4=",
        "owner": "citation-style-language",
        "repo": "styles",
        "rev": "fe9db541ea06c31c8ff91c7c989fc8d4ef987b92",
        "type": "github"
      },
      "original": {
        "owner": "citation-style-language",
        "repo": "styles",
        "type": "github"
      }
    },
    "zotero-translators": {
      "flake": false,
      "locked": {
        "lastModified": 1711999387,
        "narHash": "sha256-I1s0oduB0TXtUoqiMwMGj+9cCBp0wbXZPbuXPtwHA2I=",
        "owner": "zotero",
        "repo": "translators",
        "rev": "b6d1b858e853858f0e7e8e807f5123f62ef6ef9c",
        "type": "github"
      },
      "original": {
        "owner": "zotero",
        "repo": "translators",
        "type": "github"
      }
    }
  },
  "root": "root",
  "version": 7
}
