{
  "nodes": {
    "adblockAntiAdblockFilters": {
      "flake": false,
      "locked": {
        "lastModified": 1678709126,
        "narHash": "sha256-1GY+mTxFYzjkbApOk5ACZGhnNJN8J8zdjtOh+6tR7hw=",
        "owner": "easylist",
        "repo": "antiadblockfilters",
        "rev": "d3c1ad0654ee73c74d97ddacf3c07703c6470d13",
        "type": "github"
      },
      "original": {
        "owner": "easylist",
        "repo": "antiadblockfilters",
        "type": "github"
      }
    },
    "adblockEasyList": {
      "flake": false,
      "locked": {
        "lastModified": 1678765573,
        "narHash": "sha256-uqnXhAoTT7huC0XM04AHptosnq31Skb+v2jaiB2IKZg=",
        "owner": "easylist",
        "repo": "easylist",
        "rev": "9550e84fa4ca111d9c28d7f6d7181f1d582af438",
        "type": "github"
      },
      "original": {
        "owner": "easylist",
        "repo": "easylist",
        "type": "github"
      }
    },
    "adblockEasyListSpanish": {
      "flake": false,
      "locked": {
        "lastModified": 1678543315,
        "narHash": "sha256-XoE5pGUsiSgkoZSHvR5TNbMBnK058U0R4isbDoUzjqo=",
        "owner": "easylist",
        "repo": "easylistspanish",
        "rev": "652c8e675945cf534eaf649b5eab4cf0d6c2f4c2",
        "type": "github"
      },
      "original": {
        "owner": "easylist",
        "repo": "easylistspanish",
        "type": "github"
      }
    },
    "adblockHosts": {
      "flake": false,
      "locked": {
        "lastModified": 1678510247,
        "narHash": "sha256-UARPP46L+11HTeh3uvuFfb3JadShMIgiZR9mJCh9bmw=",
        "owner": "StevenBlack",
        "repo": "hosts",
        "rev": "618a6dfa7e47129cec3fe4d5ef2d3937804f7cb3",
        "type": "github"
      },
      "original": {
        "owner": "StevenBlack",
        "repo": "hosts",
        "type": "github"
      }
    },
    "catgirl": {
      "flake": false,
      "locked": {
        "lastModified": 1650390208,
        "narHash": "sha256-zWgTO9eGpbeJb3H9M9RjcFoPWCTpK3XCCKD+C9yWkAY=",
        "ref": "somasis/tokipona",
        "rev": "9ec43ab6b97445bd291e84af543ce1feea9a6bcd",
        "revCount": 1029,
        "type": "git",
        "url": "https://git.causal.agency/catgirl"
      },
      "original": {
        "ref": "somasis/tokipona",
        "type": "git",
        "url": "https://git.causal.agency/catgirl"
      }
    },
    "csl": {
      "flake": false,
      "locked": {
        "lastModified": 1678720261,
        "narHash": "sha256-si6PPBXewiFxuaGXcJ90C6sidkMiPRiYYGyVBkhwoRE=",
        "owner": "citation-style-language",
        "repo": "styles",
        "rev": "ca943b70d73bd4c57c0b1266ee7c54907b8f9d4f",
        "type": "github"
      },
      "original": {
        "owner": "citation-style-language",
        "repo": "styles",
        "type": "github"
      }
    },
    "dmenu-flexipatch": {
      "flake": false,
      "locked": {
        "lastModified": 1666771245,
        "narHash": "sha256-6hGunum5+IBSpxJPvEOAgNmCkDNbm3R++RSTg8TL8Vo=",
        "owner": "bakkeby",
        "repo": "dmenu-flexipatch",
        "rev": "05f5efc5e544fdb8e7744eb79a6a5d6f882b4d4c",
        "type": "github"
      },
      "original": {
        "owner": "bakkeby",
        "repo": "dmenu-flexipatch",
        "type": "github"
      }
    },
    "flake": {
      "inputs": {
        "flake-utils": "flake-utils"
      },
      "locked": {
        "lastModified": 1657226504,
        "narHash": "sha256-GIYNjuq4mJlFgqKsZ+YrgzWm0IpA4axA3MCrdKYj7gs=",
        "owner": "gytis-ivaskevicius",
        "repo": "flake-utils-plus",
        "rev": "2bf0f91643c2e5ae38c1b26893ac2927ac9bd82a",
        "type": "github"
      },
      "original": {
        "owner": "gytis-ivaskevicius",
        "repo": "flake-utils-plus",
        "type": "github"
      }
    },
    "flake-utils": {
      "locked": {
        "lastModified": 1644229661,
        "narHash": "sha256-1YdnJAsNy69bpcjuoKdOYQX0YxZBiCYZo4Twxerqv7k=",
        "owner": "numtide",
        "repo": "flake-utils",
        "rev": "3cecb5b042f7f209c56ffd8371b2711a290ec797",
        "type": "github"
      },
      "original": {
        "owner": "numtide",
        "repo": "flake-utils",
        "type": "github"
      }
    },
    "homeManager": {
      "inputs": {
        "nixpkgs": [
          "nixpkgs"
        ],
        "utils": "utils"
      },
      "locked": {
        "lastModified": 1678729503,
        "narHash": "sha256-j+h4Bdqbe+qjzhxdhkRmVgSx2lxJ8HnKeYcAhhnd1zM=",
        "owner": "nix-community",
        "repo": "home-manager",
        "rev": "24c1a6335e3da6a3ecf82f33ac50c2ad66aee346",
        "type": "github"
      },
      "original": {
        "owner": "nix-community",
        "repo": "home-manager",
        "type": "github"
      }
    },
    "hyprland": {
      "inputs": {
        "hyprland-protocols": "hyprland-protocols",
        "nixpkgs": [
          "nixpkgs"
        ],
        "wlroots": "wlroots",
        "xdph": "xdph"
      },
      "locked": {
        "lastModified": 1678720765,
        "narHash": "sha256-Zd+k8e3qm0RcSRSCOFqjw3G3el87zjpMJavwkZHrQ8Y=",
        "owner": "hyprwm",
        "repo": "Hyprland",
        "rev": "e749af7b60386f4ff414ef3e2e804523046e46a9",
        "type": "github"
      },
      "original": {
        "owner": "hyprwm",
        "repo": "Hyprland",
        "type": "github"
      }
    },
    "hyprland-protocols": {
      "inputs": {
        "nixpkgs": [
          "hyprland",
          "nixpkgs"
        ]
      },
      "locked": {
        "lastModified": 1671839510,
        "narHash": "sha256-+PY1qqJfmZzzROgcIY4I7AkCwpnC+qBIYk2eFoA9RWc=",
        "owner": "hyprwm",
        "repo": "hyprland-protocols",
        "rev": "b8f55e02a328c47ed373133c52483bbfa20a1b75",
        "type": "github"
      },
      "original": {
        "owner": "hyprwm",
        "repo": "hyprland-protocols",
        "type": "github"
      }
    },
    "impermanence": {
      "locked": {
        "lastModified": 1675359654,
        "narHash": "sha256-FPxzuvJkcO49g4zkWLSeuZkln54bLoTtrggZDJBH90I=",
        "owner": "nix-community",
        "repo": "impermanence",
        "rev": "6138eb8e737bffabd4c8fc78ae015d4fd6a7e2fd",
        "type": "github"
      },
      "original": {
        "owner": "nix-community",
        "repo": "impermanence",
        "type": "github"
      }
    },
    "mblaze": {
      "flake": false,
      "locked": {
        "lastModified": 1671394108,
        "narHash": "sha256-zX236eRG1TGDa4e4oKQu/xMu94gYy7Cz9syJOFzGUpk=",
        "owner": "leahneukirchen",
        "repo": "mblaze",
        "rev": "cccf01cb9aa45769e2e9d41c1e8e98a6502a98e0",
        "type": "github"
      },
      "original": {
        "owner": "leahneukirchen",
        "repo": "mblaze",
        "type": "github"
      }
    },
    "nixosHardware": {
      "locked": {
        "lastModified": 1678397099,
        "narHash": "sha256-5xq8YJe+h19TlD+EI4AE/3H3jcCcQ2AWU6CWBVc5tRc=",
        "owner": "nixos",
        "repo": "nixos-hardware",
        "rev": "556101ff85bd6e20900ec73ee525b935154bc8ea",
        "type": "github"
      },
      "original": {
        "owner": "nixos",
        "repo": "nixos-hardware",
        "type": "github"
      }
    },
    "nixpkgs": {
      "locked": {
        "lastModified": 1678654296,
        "narHash": "sha256-aVfw3ThpY7vkUeF1rFy10NAkpKDS2imj3IakrzT0Occ=",
        "owner": "nixos",
        "repo": "nixpkgs",
        "rev": "5a1dc8acd977ff3dccd1328b7c4a6995429a656b",
        "type": "github"
      },
      "original": {
        "owner": "nixos",
        "ref": "nixos-unstable",
        "repo": "nixpkgs",
        "type": "github"
      }
    },
    "nixpkgsStable": {
      "locked": {
        "lastModified": 1678614274,
        "narHash": "sha256-kK9l45n9cQ4mEQeT4NvJ+pK2nwsHhfZGUyRgzI+XFOw=",
        "owner": "nixos",
        "repo": "nixpkgs",
        "rev": "970402e6147c49603f4d06defe44d27fe51884ce",
        "type": "github"
      },
      "original": {
        "owner": "nixos",
        "ref": "nixos-22.11",
        "repo": "nixpkgs",
        "type": "github"
      }
    },
    "replugged": {
      "inputs": {
        "nixpkgs": [
          "nixpkgs"
        ],
        "replugged": "replugged_2"
      },
      "locked": {
        "lastModified": 1669681358,
        "narHash": "sha256-lkUUaIabrTDYK7U17iTIZJ2GK90zcV42SoiBh/fdDmU=",
        "owner": "LunNova",
        "repo": "replugged-nix-flake",
        "rev": "6e6bb35f7016632cc661c31c54bdc9021229e2da",
        "type": "github"
      },
      "original": {
        "owner": "LunNova",
        "repo": "replugged-nix-flake",
        "type": "github"
      }
    },
    "repluggedPluginBetterCodeblocks": {
      "flake": false,
      "locked": {
        "lastModified": 1660145758,
        "narHash": "sha256-8coW01cbjL/RArw9fTO4Z+2Hf+sT48m8wCXUCqMj9LQ=",
        "owner": "replugged-org",
        "repo": "better-codeblocks",
        "rev": "e38932cea45eabe4549b65e9ec1875c0928b18f1",
        "type": "github"
      },
      "original": {
        "owner": "replugged-org",
        "repo": "better-codeblocks",
        "type": "github"
      }
    },
    "repluggedPluginBotInfo": {
      "flake": false,
      "locked": {
        "lastModified": 1661735515,
        "narHash": "sha256-4GIabcirk8GEMf9qjAqcxXHxxWcMgXuqmVKp7jsX05M=",
        "owner": "IRONM00N",
        "repo": "bot-details",
        "rev": "cc5b83e3f1a240a39b52e7917fff3ebbefca9ddc",
        "type": "github"
      },
      "original": {
        "owner": "IRONM00N",
        "repo": "bot-details",
        "type": "github"
      }
    },
    "repluggedPluginCanaryLinks": {
      "flake": false,
      "locked": {
        "lastModified": 1675643696,
        "narHash": "sha256-ymOO25L92OXTKgI7VQZJoFppcIEr8Oza8uwpObSt9pQ=",
        "owner": "asportnoy",
        "repo": "CanaryLinks",
        "rev": "b5bf5d0dec0f98e4d417e87778aa7527b6a503db",
        "type": "github"
      },
      "original": {
        "owner": "asportnoy",
        "repo": "CanaryLinks",
        "type": "github"
      }
    },
    "repluggedPluginChannelTyping": {
      "flake": false,
      "locked": {
        "lastModified": 1634895849,
        "narHash": "sha256-wlbzg2zzFcwBGCa90DAKUEAtytQBc8kYAjzXGq1J6AM=",
        "owner": "powercord-community",
        "repo": "channel-typing",
        "rev": "8e41b085410a5bb72ddf9f372c8957eed6d2cb82",
        "type": "github"
      },
      "original": {
        "owner": "powercord-community",
        "repo": "channel-typing",
        "type": "github"
      }
    },
    "repluggedPluginClickableEdits": {
      "flake": false,
      "locked": {
        "lastModified": 1660769206,
        "narHash": "sha256-HuLI/B/chwVB7e9zltmM4g/LguUWZMZoy3++ugtLqqc=",
        "owner": "replugged-org",
        "repo": "clickable-edits",
        "rev": "bba322de7eee2329dd274050a99eb8d4e20980be",
        "type": "github"
      },
      "original": {
        "owner": "replugged-org",
        "repo": "clickable-edits",
        "type": "github"
      }
    },
    "repluggedPluginCutecord": {
      "flake": false,
      "locked": {
        "lastModified": 1658372050,
        "narHash": "sha256-y2JmZe1KUerXjje5/AVlarsmv0cHXx753uEYIRpTGlo=",
        "owner": "powercord-community",
        "repo": "cutecord",
        "rev": "9bec718f996c7f30760df87ed3e3fcd61498acf6",
        "type": "github"
      },
      "original": {
        "owner": "powercord-community",
        "repo": "cutecord",
        "type": "github"
      }
    },
    "repluggedPluginEmojiUtility": {
      "flake": false,
      "locked": {
        "lastModified": 1660145652,
        "narHash": "sha256-16V5Do7TehWR/rYmUuGzEk4EisYYBWSHI/u5iPsuqR0=",
        "owner": "replugged-org",
        "repo": "emoji-utility",
        "rev": "96f59c1e6fe3755d36bbdd5b569b851bc217b5cf",
        "type": "github"
      },
      "original": {
        "owner": "replugged-org",
        "repo": "emoji-utility",
        "type": "github"
      }
    },
    "repluggedPluginPersistSettings": {
      "flake": false,
      "locked": {
        "lastModified": 1637200706,
        "narHash": "sha256-tc8ZUvEcWZmHL7YezUkWz1XwhLl+KQQgcVQ8vtaxi0A=",
        "owner": "venplugs",
        "repo": "persistsettings",
        "rev": "203dfa29a08fe057833d00b4605a1173d7212057",
        "type": "github"
      },
      "original": {
        "owner": "venplugs",
        "repo": "persistsettings",
        "type": "github"
      }
    },
    "repluggedPluginSitelenPona": {
      "flake": false,
      "locked": {
        "lastModified": 1654820437,
        "narHash": "sha256-0fQGc3k6MfjA3GEA2ptxTBzvG1SruryvA92IXFVi4wU=",
        "owner": "dzshn",
        "repo": "powercord-sitelen-pona",
        "rev": "f90c49f52a3be1357d631e5020ec376bbe5c5cf4",
        "type": "github"
      },
      "original": {
        "owner": "dzshn",
        "repo": "powercord-sitelen-pona",
        "type": "github"
      }
    },
    "repluggedPluginThemeToggler": {
      "flake": false,
      "locked": {
        "lastModified": 1656407466,
        "narHash": "sha256-bmrpWz6/rl08NQFBRZl0VnvkRWOVCjRZhxoSUyCUN/g=",
        "owner": "redstonekasi",
        "repo": "theme-toggler",
        "rev": "4f2bacff43074f421017d0a37d5afb126459cb90",
        "type": "github"
      },
      "original": {
        "owner": "redstonekasi",
        "repo": "theme-toggler",
        "type": "github"
      }
    },
    "repluggedPluginTimestampSender": {
      "flake": false,
      "locked": {
        "lastModified": 1659994530,
        "narHash": "sha256-sZoLyHFbRUVmiWsd6c+tCLJZtnCtc1C+6gdqkihaik8=",
        "owner": "Anime-Forevere",
        "repo": "Timestamp-Sender",
        "rev": "590927511275bcb2925a0342f041a3f73392c1f6",
        "type": "github"
      },
      "original": {
        "owner": "Anime-Forevere",
        "repo": "Timestamp-Sender",
        "type": "github"
      }
    },
    "repluggedPluginTokiPona": {
      "flake": false,
      "locked": {
        "lastModified": 1668621130,
        "narHash": "sha256-QYcRBcLhzXq54Io+nu29RzDRPyuPiMyvnX9n+kn7qlY=",
        "owner": "somasis",
        "repo": "discord-tokipona",
        "rev": "f75c2e8e501075eb19903d0a17a714395634f754",
        "type": "github"
      },
      "original": {
        "owner": "somasis",
        "repo": "discord-tokipona",
        "type": "github"
      }
    },
    "repluggedPluginWordFilter": {
      "flake": false,
      "locked": {
        "lastModified": 1604354071,
        "narHash": "sha256-GxFKe5d9Xu/aF2b6+H8CQ50Qy/nc6NxRjyhoWkwerZ4=",
        "owner": "A-Trash-Coder",
        "repo": "wordfilter",
        "rev": "770cc79b6a56fd59d52b2deafdc082bcfc3f8f6b",
        "type": "github"
      },
      "original": {
        "owner": "A-Trash-Coder",
        "repo": "wordfilter",
        "type": "github"
      }
    },
    "repluggedThemeCustom": {
      "flake": false,
      "locked": {
        "lastModified": 1667402834,
        "narHash": "sha256-LT9IBTApQDvcOU/Gkb1AnVkc+E9PMPUF5XVyBYgapTc=",
        "path": "/home/somasis/src/discord-theme-custom",
        "type": "path"
      },
      "original": {
        "path": "/home/somasis/src/discord-theme-custom",
        "type": "path"
      }
    },
    "repluggedThemeIrc": {
      "flake": false,
      "locked": {
        "lastModified": 1667835392,
        "narHash": "sha256-x0OjnntzC71UydZHG4jcNItM/1py/t+PkIiVcx9L8Vw=",
        "owner": "somasis",
        "repo": "discord-theme-irc",
        "rev": "e3405891337de2abc72a21e2be0003f03509a923",
        "type": "github"
      },
      "original": {
        "owner": "somasis",
        "repo": "discord-theme-irc",
        "type": "github"
      }
    },
    "replugged_2": {
      "flake": false,
      "locked": {
        "lastModified": 1664511204,
        "narHash": "sha256-wgVInLJd97vsndfSVLRvJzOl4e1yZCXYsFpp0ITZvzQ=",
        "owner": "replugged-org",
        "repo": "replugged",
        "rev": "e984d8fdae3a3585e6ca7dc7fa8aed3725062b31",
        "type": "github"
      },
      "original": {
        "owner": "replugged-org",
        "repo": "replugged",
        "type": "github"
      }
    },
    "root": {
      "inputs": {
        "adblockAntiAdblockFilters": "adblockAntiAdblockFilters",
        "adblockEasyList": "adblockEasyList",
        "adblockEasyListSpanish": "adblockEasyListSpanish",
        "adblockHosts": "adblockHosts",
        "catgirl": "catgirl",
        "csl": "csl",
        "dmenu-flexipatch": "dmenu-flexipatch",
        "flake": "flake",
        "homeManager": "homeManager",
        "hyprland": "hyprland",
        "impermanence": "impermanence",
        "mblaze": "mblaze",
        "nixosHardware": "nixosHardware",
        "nixpkgs": "nixpkgs",
        "nixpkgsStable": "nixpkgsStable",
        "replugged": "replugged",
        "repluggedPluginBetterCodeblocks": "repluggedPluginBetterCodeblocks",
        "repluggedPluginBotInfo": "repluggedPluginBotInfo",
        "repluggedPluginCanaryLinks": "repluggedPluginCanaryLinks",
        "repluggedPluginChannelTyping": "repluggedPluginChannelTyping",
        "repluggedPluginClickableEdits": "repluggedPluginClickableEdits",
        "repluggedPluginCutecord": "repluggedPluginCutecord",
        "repluggedPluginEmojiUtility": "repluggedPluginEmojiUtility",
        "repluggedPluginPersistSettings": "repluggedPluginPersistSettings",
        "repluggedPluginSitelenPona": "repluggedPluginSitelenPona",
        "repluggedPluginThemeToggler": "repluggedPluginThemeToggler",
        "repluggedPluginTimestampSender": "repluggedPluginTimestampSender",
        "repluggedPluginTokiPona": "repluggedPluginTokiPona",
        "repluggedPluginWordFilter": "repluggedPluginWordFilter",
        "repluggedThemeCustom": "repluggedThemeCustom",
        "repluggedThemeIrc": "repluggedThemeIrc",
        "sbase": "sbase",
        "uBlock": "uBlock",
        "ubase": "ubase",
        "zoteroTranslators": "zoteroTranslators"
      }
    },
    "sbase": {
      "flake": false,
      "locked": {
        "lastModified": 1666402312,
        "narHash": "sha256-pjDw2Uj0RlyRIHkQeru5BUksi54jL3pNAzsgzxQmSyw=",
        "ref": "refs/heads/master",
        "rev": "191f7e693b16dfc0f6242c4247ceded99e69878c",
        "revCount": 1943,
        "type": "git",
        "url": "git://git.suckless.org/sbase"
      },
      "original": {
        "type": "git",
        "url": "git://git.suckless.org/sbase"
      }
    },
    "uBlock": {
      "flake": false,
      "locked": {
        "lastModified": 1678765848,
        "narHash": "sha256-rlQL5XQmnxlmKr1r5Kq8WbsLK8ZKG1CtRUKa+VCG6nY=",
        "owner": "uBlockOrigin",
        "repo": "uAssets",
        "rev": "c8d451baa6f445cb10d91dae0d71f15e309fb8bf",
        "type": "github"
      },
      "original": {
        "owner": "uBlockOrigin",
        "repo": "uAssets",
        "type": "github"
      }
    },
    "ubase": {
      "flake": false,
      "locked": {
        "lastModified": 1591329989,
        "narHash": "sha256-wgoseKkQCtj0+99HpwK162kYUGZl/mTExc33A8hculo=",
        "owner": "michaelforney",
        "repo": "ubase",
        "rev": "f152e7fc3bd1675060818ac224f96541a2d9d6e7",
        "type": "github"
      },
      "original": {
        "owner": "michaelforney",
        "repo": "ubase",
        "type": "github"
      }
    },
    "utils": {
      "locked": {
        "lastModified": 1676283394,
        "narHash": "sha256-XX2f9c3iySLCw54rJ/CZs+ZK6IQy7GXNY4nSOyu2QG4=",
        "owner": "numtide",
        "repo": "flake-utils",
        "rev": "3db36a8b464d0c4532ba1c7dda728f4576d6d073",
        "type": "github"
      },
      "original": {
        "owner": "numtide",
        "repo": "flake-utils",
        "type": "github"
      }
    },
    "wlroots": {
      "flake": false,
      "locked": {
        "host": "gitlab.freedesktop.org",
        "lastModified": 1677789111,
        "narHash": "sha256-dWrk+Q3bLdtFe5rkyaAKWCQJCeE/KFNllcu1DvBC38c=",
        "owner": "wlroots",
        "repo": "wlroots",
        "rev": "5ae17de23f5fd9bb252a698f3771c840280e2c05",
        "type": "gitlab"
      },
      "original": {
        "host": "gitlab.freedesktop.org",
        "owner": "wlroots",
        "repo": "wlroots",
        "type": "gitlab"
      }
    },
    "xdph": {
      "inputs": {
        "hyprland-protocols": [
          "hyprland",
          "hyprland-protocols"
        ],
        "nixpkgs": [
          "hyprland",
          "nixpkgs"
        ]
      },
      "locked": {
        "lastModified": 1673116118,
        "narHash": "sha256-eR0yDSkR2XYMesfdRWJs25kAdXET2mbNNHu5t+KUcKA=",
        "owner": "hyprwm",
        "repo": "xdg-desktop-portal-hyprland",
        "rev": "d479c846531fd0e1d2357c9588b8310a2b859ef2",
        "type": "github"
      },
      "original": {
        "owner": "hyprwm",
        "repo": "xdg-desktop-portal-hyprland",
        "type": "github"
      }
    },
    "zoteroTranslators": {
      "flake": false,
      "locked": {
        "lastModified": 1678585624,
        "narHash": "sha256-aYCkSsvnJ9ArIc9pk9h41KXaMoBWot5axkXhXwxJOHU=",
        "owner": "zotero",
        "repo": "translators",
        "rev": "5dcd1bc6fac814b7d9ad00a646ee8a9fc564fcd7",
        "type": "github"
      },
      "original": {
        "owner": "zotero",
        "repo": "translators",
        "type": "github"
      }
    }
  },
  "root": "root",
  "version": 7
}
