{
  "nodes": {
    "adblockAntiAdblockFilters": {
      "flake": false,
      "locked": {
        "lastModified": 1685454512,
        "narHash": "sha256-MjvmCQyW4ebM9l7dS9pITzboju5KJqHliYMgj+MKGJI=",
        "owner": "easylist",
        "repo": "antiadblockfilters",
        "rev": "0b0f15a7cafc26eb07ff3bfadba758bfc707366d",
        "type": "github"
      },
      "original": {
        "owner": "easylist",
        "repo": "antiadblockfilters",
        "type": "github"
      }
    },
    "adblockEasyList": {
      "flake": false,
      "locked": {
        "lastModified": 1686537620,
        "narHash": "sha256-O+0GyGkpjtKyq0YzYG006RJ350jE7PSr9Qf3qlueHNg=",
        "owner": "easylist",
        "repo": "easylist",
        "rev": "5ca3c271cd669a261f5f907ad0f4bdc47a0fa263",
        "type": "github"
      },
      "original": {
        "owner": "easylist",
        "repo": "easylist",
        "type": "github"
      }
    },
    "adblockEasyListSpanish": {
      "flake": false,
      "locked": {
        "lastModified": 1686317370,
        "narHash": "sha256-su+nvCDZmcaDtEI1bjV3uw7fIxw17g0eFzfO2kGWzxc=",
        "owner": "easylist",
        "repo": "easylistspanish",
        "rev": "446fd811cf47fa795a313cb1cdc6d27688430f0f",
        "type": "github"
      },
      "original": {
        "owner": "easylist",
        "repo": "easylistspanish",
        "type": "github"
      }
    },
    "adblockHosts": {
      "flake": false,
      "locked": {
        "lastModified": 1686537137,
        "narHash": "sha256-3J4O+Sz3zdbli8cofggynhnDzEFg73tVygFsz00FhDQ=",
        "owner": "StevenBlack",
        "repo": "hosts",
        "rev": "0ea9a40158ed6e937032ad577f7de83959f345f3",
        "type": "github"
      },
      "original": {
        "owner": "StevenBlack",
        "repo": "hosts",
        "type": "github"
      }
    },
    "catgirl": {
      "flake": false,
      "locked": {
        "lastModified": 1650390208,
        "narHash": "sha256-zWgTO9eGpbeJb3H9M9RjcFoPWCTpK3XCCKD+C9yWkAY=",
        "ref": "somasis/tokipona",
        "rev": "9ec43ab6b97445bd291e84af543ce1feea9a6bcd",
        "revCount": 1029,
        "type": "git",
        "url": "https://git.causal.agency/catgirl"
      },
      "original": {
        "ref": "somasis/tokipona",
        "type": "git",
        "url": "https://git.causal.agency/catgirl"
      }
    },
    "crane": {
      "inputs": {
        "flake-compat": [
          "lanzaboote",
          "flake-compat"
        ],
        "flake-utils": [
          "lanzaboote",
          "flake-utils"
        ],
        "nixpkgs": [
          "lanzaboote",
          "nixpkgs"
        ],
        "rust-overlay": [
          "lanzaboote",
          "rust-overlay"
        ]
      },
      "locked": {
        "lastModified": 1683505101,
        "narHash": "sha256-VBU64Jfu2V4sUR5+tuQS9erBRAe/QEYUxdVMcJGMZZs=",
        "owner": "ipetkov",
        "repo": "crane",
        "rev": "7b5bd9e5acb2bb0cfba2d65f34d8568a894cdb6c",
        "type": "github"
      },
      "original": {
        "owner": "ipetkov",
        "repo": "crane",
        "type": "github"
      }
    },
    "csl": {
      "flake": false,
      "locked": {
        "lastModified": 1686536958,
        "narHash": "sha256-oYRl4xg08U6jFOflxKVVenKHyVrtz0EIbjrA+9dj4Bo=",
        "owner": "citation-style-language",
        "repo": "styles",
        "rev": "4b4e8f442d2de454c638393fbb9dd911c8b7aca7",
        "type": "github"
      },
      "original": {
        "owner": "citation-style-language",
        "repo": "styles",
        "type": "github"
      }
    },
    "disko": {
      "inputs": {
        "nixpkgs": [
          "nixpkgs"
        ]
      },
      "locked": {
        "lastModified": 1686222354,
        "narHash": "sha256-dtqnAwzucKZv54dTrLetIXhOavUrCsdqOe+JtFH9riE=",
        "owner": "nix-community",
        "repo": "disko",
        "rev": "5d9f362aecd7a4c2e8a3bf2afddb49051988cab9",
        "type": "github"
      },
      "original": {
        "owner": "nix-community",
        "repo": "disko",
        "type": "github"
      }
    },
    "dmenu-flexipatch": {
      "flake": false,
      "locked": {
        "lastModified": 1684276397,
        "narHash": "sha256-1GOCVdlx40B9u5q28SWWdEMvygUBynrM93Wmpj3/mWQ=",
        "owner": "bakkeby",
        "repo": "dmenu-flexipatch",
        "rev": "9e721014cd90dd6782a088f4d8f96706711774ac",
        "type": "github"
      },
      "original": {
        "owner": "bakkeby",
        "repo": "dmenu-flexipatch",
        "type": "github"
      }
    },
    "flake-compat": {
      "flake": false,
      "locked": {
        "lastModified": 1673956053,
        "narHash": "sha256-4gtG9iQuiKITOjNQQeQIpoIB6b16fm+504Ch3sNKLd8=",
        "owner": "edolstra",
        "repo": "flake-compat",
        "rev": "35bb57c0c8d8b62bbfd284272c928ceb64ddbde9",
        "type": "github"
      },
      "original": {
        "owner": "edolstra",
        "repo": "flake-compat",
        "type": "github"
      }
    },
    "flake-parts": {
      "inputs": {
        "nixpkgs-lib": [
          "lanzaboote",
          "nixpkgs"
        ]
      },
      "locked": {
        "lastModified": 1683560683,
        "narHash": "sha256-XAygPMN5Xnk/W2c1aW0jyEa6lfMDZWlQgiNtmHXytPc=",
        "owner": "hercules-ci",
        "repo": "flake-parts",
        "rev": "006c75898cf814ef9497252b022e91c946ba8e17",
        "type": "github"
      },
      "original": {
        "owner": "hercules-ci",
        "repo": "flake-parts",
        "type": "github"
      }
    },
    "flake-parts_2": {
      "inputs": {
        "nixpkgs-lib": "nixpkgs-lib"
      },
      "locked": {
        "lastModified": 1685662779,
        "narHash": "sha256-cKDDciXGpMEjP1n6HlzKinN0H+oLmNpgeCTzYnsA2po=",
        "owner": "hercules-ci",
        "repo": "flake-parts",
        "rev": "71fb97f0d875fd4de4994dfb849f2c75e17eb6c3",
        "type": "github"
      },
      "original": {
        "owner": "hercules-ci",
        "repo": "flake-parts",
        "type": "github"
      }
    },
    "flake-utils": {
      "inputs": {
        "systems": "systems"
      },
      "locked": {
        "lastModified": 1681202837,
        "narHash": "sha256-H+Rh19JDwRtpVPAWp64F+rlEtxUWBAQW28eAi3SRSzg=",
        "owner": "numtide",
        "repo": "flake-utils",
        "rev": "cfacdce06f30d2b68473a46042957675eebb3401",
        "type": "github"
      },
      "original": {
        "owner": "numtide",
        "repo": "flake-utils",
        "type": "github"
      }
    },
    "gitignore": {
      "inputs": {
        "nixpkgs": [
          "lanzaboote",
          "pre-commit-hooks-nix",
          "nixpkgs"
        ]
      },
      "locked": {
        "lastModified": 1660459072,
        "narHash": "sha256-8DFJjXG8zqoONA1vXtgeKXy68KdJL5UaXR8NtVMUbx8=",
        "owner": "hercules-ci",
        "repo": "gitignore.nix",
        "rev": "a20de23b925fd8264fd7fad6454652e142fd7f73",
        "type": "github"
      },
      "original": {
        "owner": "hercules-ci",
        "repo": "gitignore.nix",
        "type": "github"
      }
    },
    "home-manager": {
      "inputs": {
        "nixpkgs": [
          "nixpkgs"
        ]
      },
      "locked": {
        "lastModified": 1686391840,
        "narHash": "sha256-5S0APl6Mfm6a37taHwvuf11UHnAX0+PnoWQbsYbMUnc=",
        "owner": "nix-community",
        "repo": "home-manager",
        "rev": "0144ac418ef633bfc9dbd89b8c199ad3a617c59f",
        "type": "github"
      },
      "original": {
        "owner": "nix-community",
        "repo": "home-manager",
        "type": "github"
      }
    },
    "impermanence": {
      "locked": {
        "lastModified": 1684264534,
        "narHash": "sha256-K0zr+ry3FwIo3rN2U/VWAkCJSgBslBisvfRIPwMbuCQ=",
        "owner": "nix-community",
        "repo": "impermanence",
        "rev": "89253fb1518063556edd5e54509c30ac3089d5e6",
        "type": "github"
      },
      "original": {
        "owner": "nix-community",
        "repo": "impermanence",
        "type": "github"
      }
    },
    "lanzaboote": {
      "inputs": {
        "crane": "crane",
        "flake-compat": "flake-compat",
        "flake-parts": "flake-parts",
        "flake-utils": "flake-utils",
        "nixpkgs": [
          "nixpkgs"
        ],
        "pre-commit-hooks-nix": "pre-commit-hooks-nix",
        "rust-overlay": "rust-overlay"
      },
      "locked": {
        "lastModified": 1686415556,
        "narHash": "sha256-88nOOiLYzYGIMEiQ91DxuyUa786mqunRw6k6GipXmxg=",
        "owner": "nix-community",
        "repo": "lanzaboote",
        "rev": "9f97a908e4059221d39c7b7d0906c88b9fcc9c9b",
        "type": "github"
      },
      "original": {
        "owner": "nix-community",
        "repo": "lanzaboote",
        "type": "github"
      }
    },
    "lemonbar": {
      "flake": false,
      "locked": {
        "lastModified": 1599684897,
        "narHash": "sha256-BNYBbUouqqsRQaPkpg+UKg62IV9uI34gKJuiAM94CBU=",
        "owner": "drscream",
        "repo": "lemonbar-xft",
        "rev": "481e12363e2a0fe0ddd2176a8e003392be90ed02",
        "type": "github"
      },
      "original": {
        "owner": "drscream",
        "ref": "xft-port",
        "repo": "lemonbar-xft",
        "type": "github"
      }
    },
    "mblaze": {
      "flake": false,
      "locked": {
        "lastModified": 1680186995,
        "narHash": "sha256-UgcwJT7hPrOIHUCTrvmiwfIC35Eetqiu8cuBR6XRGu8=",
        "owner": "leahneukirchen",
        "repo": "mblaze",
        "rev": "786238551a692a8073d02d4f4aea89f3212391c9",
        "type": "github"
      },
      "original": {
        "owner": "leahneukirchen",
        "repo": "mblaze",
        "type": "github"
      }
    },
    "nix-filter": {
      "locked": {
        "lastModified": 1681154353,
        "narHash": "sha256-MCJ5FHOlbfQRFwN0brqPbCunLEVw05D/3sRVoNVt2tI=",
        "owner": "numtide",
        "repo": "nix-filter",
        "rev": "f529f42792ade8e32c4be274af6b6d60857fbee7",
        "type": "github"
      },
      "original": {
        "owner": "numtide",
        "repo": "nix-filter",
        "type": "github"
      }
    },
    "nix-index-database": {
      "inputs": {
        "nixpkgs": [
          "nixpkgs"
        ]
      },
      "locked": {
        "lastModified": 1685764721,
        "narHash": "sha256-CIy1iwQTEKfZRrid4gBLA+r/LPGA9IUFo0lKJVyECGI=",
        "owner": "Mic92",
        "repo": "nix-index-database",
        "rev": "669ca1f2e2bc401abab6b837ae9c51503edc9b49",
        "type": "github"
      },
      "original": {
        "owner": "Mic92",
        "repo": "nix-index-database",
        "type": "github"
      }
    },
    "nixd": {
      "inputs": {
        "flake-parts": "flake-parts_2",
        "nixpkgs": [
          "nixpkgsStable"
        ]
      },
      "locked": {
        "lastModified": 1686489854,
        "narHash": "sha256-kn6mgHOMroQOVAD0fmDsvltua4Qzw6035R51Hj3DZKs=",
        "owner": "nix-community",
        "repo": "nixd",
        "rev": "7e320f960ed66ae6447d41202c88557746e771c7",
        "type": "github"
      },
      "original": {
        "owner": "nix-community",
        "repo": "nixd",
        "type": "github"
      }
    },
    "nixos-hardware": {
      "locked": {
        "lastModified": 1686452266,
        "narHash": "sha256-zLKiX0iu6jZFeZDpR1gE6fNyMr8eiM8GLnj9SoUCjFs=",
        "owner": "nixos",
        "repo": "nixos-hardware",
        "rev": "2a807ad6e8dc458db08588b78cc3c0f0ec4ff321",
        "type": "github"
      },
      "original": {
        "owner": "nixos",
        "repo": "nixos-hardware",
        "type": "github"
      }
    },
    "nixpkgs": {
      "locked": {
        "lastModified": 1686412476,
        "narHash": "sha256-inl9SVk6o5h75XKC79qrDCAobTD1Jxh6kVYTZKHzewA=",
        "owner": "nixos",
        "repo": "nixpkgs",
        "rev": "21951114383770f96ae528d0ae68824557768e81",
        "type": "github"
      },
      "original": {
        "owner": "nixos",
        "ref": "nixos-unstable",
        "repo": "nixpkgs",
        "type": "github"
      }
    },
    "nixpkgs-lib": {
      "locked": {
        "dir": "lib",
        "lastModified": 1685564631,
        "narHash": "sha256-8ywr3AkblY4++3lIVxmrWZFzac7+f32ZEhH/A8pNscI=",
        "owner": "NixOS",
        "repo": "nixpkgs",
        "rev": "4f53efe34b3a8877ac923b9350c874e3dcd5dc0a",
        "type": "github"
      },
      "original": {
        "dir": "lib",
        "owner": "NixOS",
        "ref": "nixos-unstable",
        "repo": "nixpkgs",
        "type": "github"
      }
    },
    "nixpkgs-stable": {
      "locked": {
        "lastModified": 1678872516,
        "narHash": "sha256-/E1YwtMtFAu2KUQKV/1+KFuReYPANM2Rzehk84VxVoc=",
        "owner": "NixOS",
        "repo": "nixpkgs",
        "rev": "9b8e5abb18324c7fe9f07cb100c3cd4a29cda8b8",
        "type": "github"
      },
      "original": {
        "owner": "NixOS",
        "ref": "nixos-22.11",
        "repo": "nixpkgs",
        "type": "github"
      }
    },
    "nixpkgsStable": {
      "locked": {
        "lastModified": 1686331006,
        "narHash": "sha256-hElRDWUNG655aqF0awu+h5cmDN+I/dQcChRt2tGuGGU=",
        "owner": "nixos",
        "repo": "nixpkgs",
        "rev": "85bcb95aa83be667e562e781e9d186c57a07d757",
        "type": "github"
      },
      "original": {
        "owner": "nixos",
        "ref": "nixos-23.05",
        "repo": "nixpkgs",
        "type": "github"
      }
    },
    "pre-commit-hooks-nix": {
      "inputs": {
        "flake-compat": [
          "lanzaboote",
          "flake-compat"
        ],
        "flake-utils": [
          "lanzaboote",
          "flake-utils"
        ],
        "gitignore": "gitignore",
        "nixpkgs": [
          "lanzaboote",
          "nixpkgs"
        ],
        "nixpkgs-stable": "nixpkgs-stable"
      },
      "locked": {
        "lastModified": 1682596858,
        "narHash": "sha256-Hf9XVpqaGqe/4oDGr30W8HlsWvJXtMsEPHDqHZA6dDg=",
        "owner": "cachix",
        "repo": "pre-commit-hooks.nix",
        "rev": "fb58866e20af98779017134319b5663b8215d912",
        "type": "github"
      },
      "original": {
        "owner": "cachix",
        "repo": "pre-commit-hooks.nix",
        "type": "github"
      }
    },
    "root": {
      "inputs": {
        "adblockAntiAdblockFilters": "adblockAntiAdblockFilters",
        "adblockEasyList": "adblockEasyList",
        "adblockEasyListSpanish": "adblockEasyListSpanish",
        "adblockHosts": "adblockHosts",
        "catgirl": "catgirl",
        "csl": "csl",
        "disko": "disko",
        "dmenu-flexipatch": "dmenu-flexipatch",
        "home-manager": "home-manager",
        "impermanence": "impermanence",
        "lanzaboote": "lanzaboote",
        "lemonbar": "lemonbar",
        "mblaze": "mblaze",
        "nix-filter": "nix-filter",
        "nix-index-database": "nix-index-database",
        "nixd": "nixd",
        "nixos-hardware": "nixos-hardware",
        "nixpkgs": "nixpkgs",
        "nixpkgsStable": "nixpkgsStable",
        "sbase": "sbase",
        "uAssets": "uAssets",
        "ubase": "ubase",
        "zoteroTranslators": "zoteroTranslators"
      }
    },
    "rust-overlay": {
      "inputs": {
        "flake-utils": [
          "lanzaboote",
          "flake-utils"
        ],
        "nixpkgs": [
          "lanzaboote",
          "nixpkgs"
        ]
      },
      "locked": {
        "lastModified": 1684030847,
        "narHash": "sha256-z4tOxaN9Cl8C80u6wyZBpPt9A9MbL21fZ3zdB/vG+AU=",
        "owner": "oxalica",
        "repo": "rust-overlay",
        "rev": "aa1480f16bec7dda3c62b8cdb184c7e823331ba2",
        "type": "github"
      },
      "original": {
        "owner": "oxalica",
        "repo": "rust-overlay",
        "type": "github"
      }
    },
    "sbase": {
      "flake": false,
      "locked": {
        "lastModified": 1681360624,
        "narHash": "sha256-97PFLK5eXOBpT/H5HpBFjeVcRcGHW8zV+qWUAdlg1CQ=",
        "ref": "refs/heads/master",
        "rev": "53040766d1a09baa7412c73c9a93afac2bfd6acc",
        "revCount": 1952,
        "type": "git",
        "url": "git://git.suckless.org/sbase"
      },
      "original": {
        "type": "git",
        "url": "git://git.suckless.org/sbase"
      }
    },
    "systems": {
      "locked": {
        "lastModified": 1681028828,
        "narHash": "sha256-Vy1rq5AaRuLzOxct8nz4T6wlgyUR7zLU309k9mBC768=",
        "owner": "nix-systems",
        "repo": "default",
        "rev": "da67096a3b9bf56a91d16901293e51ba5b49a27e",
        "type": "github"
      },
      "original": {
        "owner": "nix-systems",
        "repo": "default",
        "type": "github"
      }
    },
    "uAssets": {
      "flake": false,
      "locked": {
        "lastModified": 1686536092,
        "narHash": "sha256-/MG2m0/NK5vDM6qs65KOQVRPdJvVO5par9gD5J11gDM=",
        "owner": "uBlockOrigin",
        "repo": "uAssets",
        "rev": "ae16dfb59c469cc9c23ef975eb238622c832157b",
        "type": "github"
      },
      "original": {
        "owner": "uBlockOrigin",
        "repo": "uAssets",
        "type": "github"
      }
    },
    "ubase": {
      "flake": false,
      "locked": {
        "lastModified": 1591329989,
        "narHash": "sha256-wgoseKkQCtj0+99HpwK162kYUGZl/mTExc33A8hculo=",
        "owner": "michaelforney",
        "repo": "ubase",
        "rev": "f152e7fc3bd1675060818ac224f96541a2d9d6e7",
        "type": "github"
      },
      "original": {
        "owner": "michaelforney",
        "repo": "ubase",
        "type": "github"
      }
    },
    "zoteroTranslators": {
      "flake": false,
      "locked": {
        "lastModified": 1686028355,
        "narHash": "sha256-0p932LqKLFIKnXTjhClibhoc+VBau+KAJz/PVmvGN6Q=",
        "owner": "zotero",
        "repo": "translators",
        "rev": "038892b593ad2f477cd64dc4745a036ae406d076",
        "type": "github"
      },
      "original": {
        "owner": "zotero",
        "repo": "translators",
        "type": "github"
      }
    }
  },
  "root": "root",
  "version": 7
}
